
Microsoft Visual Studio Solution File, Format Version 12.00
# Visual Studio 14
VisualStudioVersion = 14.0.25420.1
MinimumVisualStudioVersion = 10.0.40219.1
Project("{FAE04EC0-301F-11D3-BF4B-00C04F79EFBC}") = "RandomReviewerSelector", "RandomReviewerSelector\RandomReviewerSelector.csproj", "{63B6151D-7A57-496A-96D8-D3C808B55407}"
EndProject
Global
	GlobalSection(SolutionConfigurationPlatforms) = preSolution
		Debug|Any CPU = Debug|Any CPU
		Release|Any CPU = Release|Any CPU
	EndGlobalSection
	GlobalSection(ProjectConfigurationPlatforms) = postSolution
		{63B6151D-7A57-496A-96D8-D3C808B55407}.Debug|Any CPU.ActiveCfg = Debug|Any CPU
		{63B6151D-7A57-496A-96D8-D3C808B55407}.Debug|Any CPU.Build.0 = Debug|Any CPU
		{63B6151D-7A57-496A-96D8-D3C808B55407}.Release|Any CPU.ActiveCfg = Release|Any CPU
		{63B6151D-7A57-496A-96D8-D3C808B55407}.Release|Any CPU.Build.0 = Release|Any CPU
	EndGlobalSection
	GlobalSection(SolutionProperties) = preSolution
		HideSolutionNode = FALSE
	EndGlobalSection
EndGlobal
